// !$*UTF8*$!
{
	archiveVersion = 1;
	classes = {
	};
	objectVersion = 56;
	objects = {

/* Begin PBXBuildFile section */
		9A32F8E62A141DA4001F159C /* MRZApp.swift in Sources */ = {isa = PBXBuildFile; fileRef = 9A32F8E52A141DA4001F159C /* MRZApp.swift */; };
		9A32F8E82A141DA4001F159C /* ContentView.swift in Sources */ = {isa = PBXBuildFile; fileRef = 9A32F8E72A141DA4001F159C /* ContentView.swift */; };
		9A32F8EA2A141DA6001F159C /* Assets.xcassets in Resources */ = {isa = PBXBuildFile; fileRef = 9A32F8E92A141DA6001F159C /* Assets.xcassets */; };
		9A32F8ED2A141DA6001F159C /* Preview Assets.xcassets in Resources */ = {isa = PBXBuildFile; fileRef = 9A32F8EC2A141DA6001F159C /* Preview Assets.xcassets */; };
		9A32F8F42A141DED001F159C /* ViewController.swift in Sources */ = {isa = PBXBuildFile; fileRef = 9A32F8F32A141DED001F159C /* ViewController.swift */; };
		9A6D5E152A196CC700BCF3CD /* MRZExtractor.swift in Sources */ = {isa = PBXBuildFile; fileRef = 9A6D5E142A196CC700BCF3CD /* MRZExtractor.swift */; };
		9A6D5E192A1BFCC700BCF3CD /* PassportOverlay.swift in Sources */ = {isa = PBXBuildFile; fileRef = 9A6D5E182A1BFCC700BCF3CD /* PassportOverlay.swift */; };
		9A6D5E1B2A1C04D800BCF3CD /* AppModel.swift in Sources */ = {isa = PBXBuildFile; fileRef = 9A6D5E1A2A1C04D800BCF3CD /* AppModel.swift */; };
		9AA79E582A15163400B5E14C /* MRZParser in Frameworks */ = {isa = PBXBuildFile; productRef = 9AA79E572A15163400B5E14C /* MRZParser */; };
/* End PBXBuildFile section */

/* Begin PBXFileReference section */
		9A32F8E22A141DA4001F159C /* MRZ.app */ = {isa = PBXFileReference; explicitFileType = wrapper.application; includeInIndex = 0; path = MRZ.app; sourceTree = BUILT_PRODUCTS_DIR; };
		9A32F8E52A141DA4001F159C /* MRZApp.swift */ = {isa = PBXFileReference; lastKnownFileType = sourcecode.swift; path = MRZApp.swift; sourceTree = "<group>"; };
		9A32F8E72A141DA4001F159C /* ContentView.swift */ = {isa = PBXFileReference; lastKnownFileType = sourcecode.swift; path = ContentView.swift; sourceTree = "<group>"; };
		9A32F8E92A141DA6001F159C /* Assets.xcassets */ = {isa = PBXFileReference; lastKnownFileType = folder.assetcatalog; path = Assets.xcassets; sourceTree = "<group>"; };
		9A32F8EC2A141DA6001F159C /* Preview Assets.xcassets */ = {isa = PBXFileReference; lastKnownFileType = folder.assetcatalog; path = "Preview Assets.xcassets"; sourceTree = "<group>"; };
		9A32F8F32A141DED001F159C /* ViewController.swift */ = {isa = PBXFileReference; lastKnownFileType = sourcecode.swift; path = ViewController.swift; sourceTree = "<group>"; };
		9A32F8F52A142CC6001F159C /* Info.plist */ = {isa = PBXFileReference; lastKnownFileType = text.plist; path = Info.plist; sourceTree = "<group>"; };
		9A6D5E142A196CC700BCF3CD /* MRZExtractor.swift */ = {isa = PBXFileReference; lastKnownFileType = sourcecode.swift; path = MRZExtractor.swift; sourceTree = "<group>"; };
		9A6D5E182A1BFCC700BCF3CD /* PassportOverlay.swift */ = {isa = PBXFileReference; lastKnownFileType = sourcecode.swift; path = PassportOverlay.swift; sourceTree = "<group>"; };
		9A6D5E1A2A1C04D800BCF3CD /* AppModel.swift */ = {isa = PBXFileReference; lastKnownFileType = sourcecode.swift; path = AppModel.swift; sourceTree = "<group>"; };
/* End PBXFileReference section */

/* Begin PBXFrameworksBuildPhase section */
		9A32F8DF2A141DA4001F159C /* Frameworks */ = {
			isa = PBXFrameworksBuildPhase;
			buildActionMask = 2147483647;
			files = (
				9AA79E582A15163400B5E14C /* MRZParser in Frameworks */,
			);
			runOnlyForDeploymentPostprocessing = 0;
		};
/* End PBXFrameworksBuildPhase section */

/* Begin PBXGroup section */
		9A32F8D92A141DA4001F159C = {
			isa = PBXGroup;
			children = (
				9A32F8E42A141DA4001F159C /* MRZ */,
				9A32F8E32A141DA4001F159C /* Products */,
			);
			sourceTree = "<group>";
		};
		9A32F8E32A141DA4001F159C /* Products */ = {
			isa = PBXGroup;
			children = (
				9A32F8E22A141DA4001F159C /* MRZ.app */,
			);
			name = Products;
			sourceTree = "<group>";
		};
		9A32F8E42A141DA4001F159C /* MRZ */ = {
			isa = PBXGroup;
			children = (
				9A32F8F52A142CC6001F159C /* Info.plist */,
				9A32F8E52A141DA4001F159C /* MRZApp.swift */,
				9A32F8E72A141DA4001F159C /* ContentView.swift */,
				9A32F8F32A141DED001F159C /* ViewController.swift */,
				9A6D5E182A1BFCC700BCF3CD /* PassportOverlay.swift */,
				9A6D5E1A2A1C04D800BCF3CD /* AppModel.swift */,
				9A6D5E142A196CC700BCF3CD /* MRZExtractor.swift */,
				9A32F8E92A141DA6001F159C /* Assets.xcassets */,
				9A32F8EB2A141DA6001F159C /* Preview Content */,
			);
			path = MRZ;
			sourceTree = "<group>";
		};
		9A32F8EB2A141DA6001F159C /* Preview Content */ = {
			isa = PBXGroup;
			children = (
				9A32F8EC2A141DA6001F159C /* Preview Assets.xcassets */,
			);
			path = "Preview Content";
			sourceTree = "<group>";
		};
/* End PBXGroup section */

/* Begin PBXNativeTarget section */
		9A32F8E12A141DA4001F159C /* MRZ */ = {
			isa = PBXNativeTarget;
			buildConfigurationList = 9A32F8F02A141DA6001F159C /* Build configuration list for PBXNativeTarget "MRZ" */;
			buildPhases = (
				9A32F8DE2A141DA4001F159C /* Sources */,
				9A32F8DF2A141DA4001F159C /* Frameworks */,
				9A32F8E02A141DA4001F159C /* Resources */,
			);
			buildRules = (
			);
			dependencies = (
			);
			name = MRZ;
			packageProductDependencies = (
				9AA79E572A15163400B5E14C /* MRZParser */,
			);
			productName = MRZ;
			productReference = 9A32F8E22A141DA4001F159C /* MRZ.app */;
			productType = "com.apple.product-type.application";
		};
/* End PBXNativeTarget section */

/* Begin PBXProject section */
		9A32F8DA2A141DA4001F159C /* Project object */ = {
			isa = PBXProject;
			attributes = {
				BuildIndependentTargetsInParallel = 1;
				LastSwiftUpdateCheck = 1430;
				LastUpgradeCheck = 1430;
				TargetAttributes = {
					9A32F8E12A141DA4001F159C = {
						CreatedOnToolsVersion = 14.3;
					};
				};
			};
			buildConfigurationList = 9A32F8DD2A141DA4001F159C /* Build configuration list for PBXProject "MRZ" */;
			compatibilityVersion = "Xcode 14.0";
			developmentRegion = en;
			hasScannedForEncodings = 0;
			knownRegions = (
				en,
				Base,
			);
			mainGroup = 9A32F8D92A141DA4001F159C;
			packageReferences = (
				9AA79E562A15163400B5E14C /* XCRemoteSwiftPackageReference "MRZParser" */,
			);
			productRefGroup = 9A32F8E32A141DA4001F159C /* Products */;
			projectDirPath = "";
			projectRoot = "";
			targets = (
				9A32F8E12A141DA4001F159C /* MRZ */,
			);
		};
/* End PBXProject section */

/* Begin PBXResourcesBuildPhase section */
		9A32F8E02A141DA4001F159C /* Resources */ = {
			isa = PBXResourcesBuildPhase;
			buildActionMask = 2147483647;
			files = (
				9A32F8ED2A141DA6001F159C /* Preview Assets.xcassets in Resources */,
				9A32F8EA2A141DA6001F159C /* Assets.xcassets in Resources */,
			);
			runOnlyForDeploymentPostprocessing = 0;
		};
/* End PBXResourcesBuildPhase section */

/* Begin PBXSourcesBuildPhase section */
		9A32F8DE2A141DA4001F159C /* Sources */ = {
			isa = PBXSourcesBuildPhase;
			buildActionMask = 2147483647;
			files = (
				9A32F8F42A141DED001F159C /* ViewController.swift in Sources */,
				9A6D5E1B2A1C04D800BCF3CD /* AppModel.swift in Sources */,
				9A32F8E82A141DA4001F159C /* ContentView.swift in Sources */,
				9A32F8E62A141DA4001F159C /* MRZApp.swift in Sources */,
				9A6D5E152A196CC700BCF3CD /* MRZExtractor.swift in Sources */,
				9A6D5E192A1BFCC700BCF3CD /* PassportOverlay.swift in Sources */,
			);
			runOnlyForDeploymentPostprocessing = 0;
		};
/* End PBXSourcesBuildPhase section */

/* Begin XCBuildConfiguration section */
		9A32F8EE2A141DA6001F159C /* Debug */ = {
			isa = XCBuildConfiguration;
			buildSettings = {
				ALWAYS_SEARCH_USER_PATHS = NO;
				CLANG_ANALYZER_NONNULL = YES;
				CLANG_ANALYZER_NUMBER_OBJECT_CONVERSION = YES_AGGRESSIVE;
				CLANG_CXX_LANGUAGE_STANDARD = "gnu++20";
				CLANG_ENABLE_MODULES = YES;
				CLANG_ENABLE_OBJC_ARC = YES;
				CLANG_ENABLE_OBJC_WEAK = YES;
				CLANG_WARN_BLOCK_CAPTURE_AUTORELEASING = YES;
				CLANG_WARN_BOOL_CONVERSION = YES;
				CLANG_WARN_COMMA = YES;
				CLANG_WARN_CONSTANT_CONVERSION = YES;
				CLANG_WARN_DEPRECATED_OBJC_IMPLEMENTATIONS = YES;
				CLANG_WARN_DIRECT_OBJC_ISA_USAGE = YES_ERROR;
				CLANG_WARN_DOCUMENTATION_COMMENTS = YES;
				CLANG_WARN_EMPTY_BODY = YES;
				CLANG_WARN_ENUM_CONVERSION = YES;
				CLANG_WARN_INFINITE_RECURSION = YES;
				CLANG_WARN_INT_CONVERSION = YES;
				CLANG_WARN_NON_LITERAL_NULL_CONVERSION = YES;
				CLANG_WARN_OBJC_IMPLICIT_RETAIN_SELF = YES;
				CLANG_WARN_OBJC_LITERAL_CONVERSION = YES;
				CLANG_WARN_OBJC_ROOT_CLASS = YES_ERROR;
				CLANG_WARN_QUOTED_INCLUDE_IN_FRAMEWORK_HEADER = YES;
				CLANG_WARN_RANGE_LOOP_ANALYSIS = YES;
				CLANG_WARN_STRICT_PROTOTYPES = YES;
				CLANG_WARN_SUSPICIOUS_MOVE = YES;
				CLANG_WARN_UNGUARDED_AVAILABILITY = YES_AGGRESSIVE;
				CLANG_WARN_UNREACHABLE_CODE = YES;
				CLANG_WARN__DUPLICATE_METHOD_MATCH = YES;
				COPY_PHASE_STRIP = NO;
				DEBUG_INFORMATION_FORMAT = dwarf;
				ENABLE_STRICT_OBJC_MSGSEND = YES;
				ENABLE_TESTABILITY = YES;
				GCC_C_LANGUAGE_STANDARD = gnu11;
				GCC_DYNAMIC_NO_PIC = NO;
				GCC_NO_COMMON_BLOCKS = YES;
				GCC_OPTIMIZATION_LEVEL = 0;
				GCC_PREPROCESSOR_DEFINITIONS = (
					"DEBUG=1",
					"$(inherited)",
				);
				GCC_WARN_64_TO_32_BIT_CONVERSION = YES;
				GCC_WARN_ABOUT_RETURN_TYPE = YES_ERROR;
				GCC_WARN_UNDECLARED_SELECTOR = YES;
				GCC_WARN_UNINITIALIZED_AUTOS = YES_AGGRESSIVE;
				GCC_WARN_UNUSED_FUNCTION = YES;
				GCC_WARN_UNUSED_VARIABLE = YES;
				IPHONEOS_DEPLOYMENT_TARGET = 15.0;
				MTL_ENABLE_DEBUG_INFO = INCLUDE_SOURCE;
				MTL_FAST_MATH = YES;
				ONLY_ACTIVE_ARCH = YES;
				SDKROOT = iphoneos;
				SWIFT_ACTIVE_COMPILATION_CONDITIONS = DEBUG;
				SWIFT_OPTIMIZATION_LEVEL = "-Onone";
			};
			name = Debug;
		};
		9A32F8EF2A141DA6001F159C /* Release */ = {
			isa = XCBuildConfiguration;
			buildSettings = {
				ALWAYS_SEARCH_USER_PATHS = NO;
				CLANG_ANALYZER_NONNULL = YES;
				CLANG_ANALYZER_NUMBER_OBJECT_CONVERSION = YES_AGGRESSIVE;
				CLANG_CXX_LANGUAGE_STANDARD = "gnu++20";
				CLANG_ENABLE_MODULES = YES;
				CLANG_ENABLE_OBJC_ARC = YES;
				CLANG_ENABLE_OBJC_WEAK = YES;
				CLANG_WARN_BLOCK_CAPTURE_AUTORELEASING = YES;
				CLANG_WARN_BOOL_CONVERSION = YES;
				CLANG_WARN_COMMA = YES;
				CLANG_WARN_CONSTANT_CONVERSION = YES;
				CLANG_WARN_DEPRECATED_OBJC_IMPLEMENTATIONS = YES;
				CLANG_WARN_DIRECT_OBJC_ISA_USAGE = YES_ERROR;
				CLANG_WARN_DOCUMENTATION_COMMENTS = YES;
				CLANG_WARN_EMPTY_BODY = YES;
				CLANG_WARN_ENUM_CONVERSION = YES;
				CLANG_WARN_INFINITE_RECURSION = YES;
				CLANG_WARN_INT_CONVERSION = YES;
				CLANG_WARN_NON_LITERAL_NULL_CONVERSION = YES;
				CLANG_WARN_OBJC_IMPLICIT_RETAIN_SELF = YES;
				CLANG_WARN_OBJC_LITERAL_CONVERSION = YES;
				CLANG_WARN_OBJC_ROOT_CLASS = YES_ERROR;
				CLANG_WARN_QUOTED_INCLUDE_IN_FRAMEWORK_HEADER = YES;
				CLANG_WARN_RANGE_LOOP_ANALYSIS = YES;
				CLANG_WARN_STRICT_PROTOTYPES = YES;
				CLANG_WARN_SUSPICIOUS_MOVE = YES;
				CLANG_WARN_UNGUARDED_AVAILABILITY = YES_AGGRESSIVE;
				CLANG_WARN_UNREACHABLE_CODE = YES;
				CLANG_WARN__DUPLICATE_METHOD_MATCH = YES;
				COPY_PHASE_STRIP = NO;
				DEBUG_INFORMATION_FORMAT = "dwarf-with-dsym";
				ENABLE_NS_ASSERTIONS = NO;
				ENABLE_STRICT_OBJC_MSGSEND = YES;
				GCC_C_LANGUAGE_STANDARD = gnu11;
				GCC_NO_COMMON_BLOCKS = YES;
				GCC_WARN_64_TO_32_BIT_CONVERSION = YES;
				GCC_WARN_ABOUT_RETURN_TYPE = YES_ERROR;
				GCC_WARN_UNDECLARED_SELECTOR = YES;
				GCC_WARN_UNINITIALIZED_AUTOS = YES_AGGRESSIVE;
				GCC_WARN_UNUSED_FUNCTION = YES;
				GCC_WARN_UNUSED_VARIABLE = YES;
				IPHONEOS_DEPLOYMENT_TARGET = 15.0;
				MTL_ENABLE_DEBUG_INFO = NO;
				MTL_FAST_MATH = YES;
				SDKROOT = iphoneos;
				SWIFT_COMPILATION_MODE = wholemodule;
				SWIFT_OPTIMIZATION_LEVEL = "-O";
				VALIDATE_PRODUCT = YES;
			};
			name = Release;
		};
		9A32F8F12A141DA6001F159C /* Debug */ = {
			isa = XCBuildConfiguration;
			buildSettings = {
				ASSETCATALOG_COMPILER_APPICON_NAME = AppIcon;
				ASSETCATALOG_COMPILER_GLOBAL_ACCENT_COLOR_NAME = AccentColor;
				CODE_SIGN_STYLE = Automatic;
				CURRENT_PROJECT_VERSION = 1;
				DEVELOPMENT_ASSET_PATHS = "\"MRZ/Preview Content\"";
				DEVELOPMENT_TEAM = BWQZX9732Z;
				ENABLE_PREVIEWS = YES;
				GENERATE_INFOPLIST_FILE = YES;
				INFOPLIST_FILE = MRZ/Info.plist;
				INFOPLIST_KEY_NSCameraUsageDescription = "The MRZ scanner needs to access your device's video camera";
				INFOPLIST_KEY_UIApplicationSceneManifest_Generation = YES;
				INFOPLIST_KEY_UIApplicationSupportsIndirectInputEvents = YES;
				INFOPLIST_KEY_UILaunchScreen_Generation = YES;
				INFOPLIST_KEY_UISupportedInterfaceOrientations = UIInterfaceOrientationPortrait;
				INFOPLIST_KEY_UISupportedInterfaceOrientations_iPad = "UIInterfaceOrientationLandscapeLeft UIInterfaceOrientationLandscapeRight UIInterfaceOrientationPortrait UIInterfaceOrientationPortraitUpsideDown";
				LD_RUNPATH_SEARCH_PATHS = (
					"$(inherited)",
					"@executable_path/Frameworks",
				);
				MARKETING_VERSION = 1.0;
				PRODUCT_BUNDLE_IDENTIFIER = com.doug.MRZ;
				PRODUCT_NAME = "$(TARGET_NAME)";
				SUPPORTED_PLATFORMS = "iphoneos iphonesimulator";
				SUPPORTS_MACCATALYST = NO;
				SUPPORTS_MAC_DESIGNED_FOR_IPHONE_IPAD = NO;
				SWIFT_EMIT_LOC_STRINGS = YES;
				SWIFT_VERSION = 5.0;
				TARGETED_DEVICE_FAMILY = 1;
			};
			name = Debug;
		};
		9A32F8F22A141DA6001F159C /* Release */ = {
			isa = XCBuildConfiguration;
			buildSettings = {
				ASSETCATALOG_COMPILER_APPICON_NAME = AppIcon;
				ASSETCATALOG_COMPILER_GLOBAL_ACCENT_COLOR_NAME = AccentColor;
				CODE_SIGN_STYLE = Automatic;
				CURRENT_PROJECT_VERSION = 1;
				DEVELOPMENT_ASSET_PATHS = "\"MRZ/Preview Content\"";
				DEVELOPMENT_TEAM = BWQZX9732Z;
				ENABLE_PREVIEWS = YES;
				GENERATE_INFOPLIST_FILE = YES;
				INFOPLIST_FILE = MRZ/Info.plist;
				INFOPLIST_KEY_NSCameraUsageDescription = "The MRZ scanner needs to access your device's video camera";
				INFOPLIST_KEY_UIApplicationSceneManifest_Generation = YES;
				INFOPLIST_KEY_UIApplicationSupportsIndirectInputEvents = YES;
				INFOPLIST_KEY_UILaunchScreen_Generation = YES;
				INFOPLIST_KEY_UISupportedInterfaceOrientations = UIInterfaceOrientationPortrait;
				INFOPLIST_KEY_UISupportedInterfaceOrientations_iPad = "UIInterfaceOrientationLandscapeLeft UIInterfaceOrientationLandscapeRight UIInterfaceOrientationPortrait UIInterfaceOrientationPortraitUpsideDown";
				LD_RUNPATH_SEARCH_PATHS = (
					"$(inherited)",
					"@executable_path/Frameworks",
				);
				MARKETING_VERSION = 1.0;
				PRODUCT_BUNDLE_IDENTIFIER = com.doug.MRZ;
				PRODUCT_NAME = "$(TARGET_NAME)";
				SUPPORTED_PLATFORMS = "iphoneos iphonesimulator";
				SUPPORTS_MACCATALYST = NO;
				SUPPORTS_MAC_DESIGNED_FOR_IPHONE_IPAD = NO;
				SWIFT_EMIT_LOC_STRINGS = YES;
				SWIFT_VERSION = 5.0;
				TARGETED_DEVICE_FAMILY = 1;
			};
			name = Release;
		};
/* End XCBuildConfiguration section */

/* Begin XCConfigurationList section */
		9A32F8DD2A141DA4001F159C /* Build configuration list for PBXProject "MRZ" */ = {
			isa = XCConfigurationList;
			buildConfigurations = (
				9A32F8EE2A141DA6001F159C /* Debug */,
				9A32F8EF2A141DA6001F159C /* Release */,
			);
			defaultConfigurationIsVisible = 0;
			defaultConfigurationName = Release;
		};
		9A32F8F02A141DA6001F159C /* Build configuration list for PBXNativeTarget "MRZ" */ = {
			isa = XCConfigurationList;
			buildConfigurations = (
				9A32F8F12A141DA6001F159C /* Debug */,
				9A32F8F22A141DA6001F159C /* Release */,
			);
			defaultConfigurationIsVisible = 0;
			defaultConfigurationName = Release;
		};
/* End XCConfigurationList section */

/* Begin XCRemoteSwiftPackageReference section */
		9AA79E562A15163400B5E14C /* XCRemoteSwiftPackageReference "MRZParser" */ = {
			isa = XCRemoteSwiftPackageReference;
			repositoryURL = "https://github.com/appintheair/MRZParser.git";
			requirement = {
				branch = develop;
				kind = branch;
			};
		};
/* End XCRemoteSwiftPackageReference section */

/* Begin XCSwiftPackageProductDependency section */
		9AA79E572A15163400B5E14C /* MRZParser */ = {
			isa = XCSwiftPackageProductDependency;
			package = 9AA79E562A15163400B5E14C /* XCRemoteSwiftPackageReference "MRZParser" */;
			productName = MRZParser;
		};
/* End XCSwiftPackageProductDependency section */
	};
	rootObject = 9A32F8DA2A141DA4001F159C /* Project object */;
}
